
Microsoft Visual Studio Solution File, Format Version 12.00
# Visual Studio Version 16
VisualStudioVersion = 16.0.30621.155
MinimumVisualStudioVersion = 10.0.40219.1
Project("{FAE04EC0-301F-11D3-BF4B-00C04F79EFBC}") = "InventoryManagement", "InventoryManagement\InventoryManagement.csproj", "{448B7E55-3C46-4F16-8D33-DBCDD33C7285}"
EndProject
Global
	GlobalSection(SolutionConfigurationPlatforms) = preSolution
		Debug|Any CPU = Debug|Any CPU
		Release|Any CPU = Release|Any CPU
	EndGlobalSection
	GlobalSection(ProjectConfigurationPlatforms) = postSolution
		{448B7E55-3C46-4F16-8D33-DBCDD33C7285}.Debug|Any CPU.ActiveCfg = Debug|Any CPU
		{448B7E55-3C46-4F16-8D33-DBCDD33C7285}.Debug|Any CPU.Build.0 = Debug|Any CPU
		{448B7E55-3C46-4F16-8D33-DBCDD33C7285}.Release|Any CPU.ActiveCfg = Release|Any CPU
		{448B7E55-3C46-4F16-8D33-DBCDD33C7285}.Release|Any CPU.Build.0 = Release|Any CPU
	EndGlobalSection
	GlobalSection(SolutionProperties) = preSolution
		HideSolutionNode = FALSE
	EndGlobalSection
	GlobalSection(ExtensibilityGlobals) = postSolution
		SolutionGuid = {7EA2F59A-267C-4A52-8D09-E9ACA37E8C85}
	EndGlobalSection
EndGlobal
